name: sherlock
description: detective theme
banner_hero: |
  [#000000]⠀⠀⠀⠀⠀⠀⠀⠀⠀⠀⠀⠀⠀⠀⠀⣀⣠⣤⣤⣤⣶⣦⣤⣤⣤⣀⡀⠀⠀⠀⠀⠀⠀⠀⠀⠀⠀⠀⠀⠀[/]
  [#000000]⠀⠀⠀⠀⠀⠀⠀⠀⠀⠀⠀⠀⣠⣶[/][#875F00]⣿[/][#FFD75F]⣿⣿[/][#D7AF5F]⣿[/][#AF875F]⣿[/][#AF5F5F]⣿⣿⣿⣿[/][#AF875F]⣿⣿[/][#D7AF5F]⣿[/][#FFD75F]⣿[/][#D7AF5F]⣿[/][#000000]⣦⣄⠀⠀⠀⠀⠀⠀⠀⠀⠀⠀[/]
  [#000000]⠀⠀⠀⠀⠀⠀⠀⠀⠀⠀⢠⣾[/][#FFD75F]⣿[/][#AF875F]⣿[/][#D75F00]⣿[/][#AF5F00]⣿⣿⣿⣿⣿⣿⣿⣿⣿⣿⣿⣿⣿[/][#AF5F5F]⣿[/][#FFD75F]⣿[/][#AF8700]⣷[/][#000000]⡄⠀⠀⠀⠀⠀⠀⠀⠀[/]
  [#000000]⠀⠀⠀⠀⠀⠀⠀⠀⠀⢠[/][#AF8700]⣿[/][#D7AF5F]⣿[/][#D75F00]⣿[/][#AF5F00]⣿⣿⣿⣿⣿⣿⣿⣿⣿⣿⣿⣿⣿⣿⣿⣿⣿[/][#AF5F5F]⣿[/][#FFD75F]⣿[/][#000000]⡄⠀⠀⠀⠀⠀⠀⠀[/]
  [#000000]⠀⠀⠀⠀⠀⠀⠀⠀⠀[/][#5F5F00]⣿[/][#D7AF5F]⣿[/][#D75F00]⣿[/][#AF5F00]⣿⣿⣿⣿⣿⣿⣿⣿⣿⣿⣿⣿⣿⣿⣿⣿⣿⣿⣿[/][#AF5F5F]⣿[/][#FFAF5F]⣷[/][#000000]⠀⠀⠀⠀⠀⠀⠀[/]
  [#000000]⠀⠀⠀⠀⠰⠶⣶⣤⡀[/][#FFAF5F]⣿[/][#AF875F]⣿[/][#AF5F00]⣿⣿⣿⣿⣿⣿⣿⣿⣿⣿⣿⣿⣿⣿⣿⣿⣿⣿⣿⣿⣿[/][#FFD75F]⣿[/][#000000]⠀⠀⠀⠀⠀⠀⠀[/]
  [#000000]⠀⠀⠀⠀⠀⠸[/][#5F5F87]⡇[/][#AF875F]⡇[/][#5F5F5F]⡿[/][#FFAF5F]⣿[/][#AF5F5F]⣿[/][#AF5F00]⣿⣿⣿⣿⣿⣿⣿⣿⣿⣿⣿⣿⣿⣿⣿⣿⣿⣿⣿⣿[/][#D75F00]⣿[/][#FFD75F]⣿[/][#000000]⡄⠀⠀⠀⠀⠀⠀[/]
  [#000000]⠀⠀⠀⠀⠀⠀[/][#AF5F00]⣿[/][#AF8700]⣿[/][#AF5F00]⡇[/][#D7AF5F]⢿⣿[/][#AF5F00]⣿⣿⣿⣿⣿⣿⣿⣿⣿⣿⣿⣿⣿⣿⣿⣿⣿⣿⣿⣿[/][#AF5F5F]⣿[/][#FFD75F]⣿[/][#AF8700]⡇[/][#000000]⠀⠀⠀⠀⠀⠀[/]
  [#000000]⠀⠀⠀⠀⠀⠀[/][#5F5F00]⠸[/][#87875F]⣿[/][#875F00]⣇[/][#000000]⣸[/][#FFD75F]⣿[/][#AF5F5F]⣿[/][#AF5F00]⣿⣿⣿⣿⣿⣿⣿⣿⣿⣿⣿⣿⣿⣿⣿⣿⣿⣿[/][#D75F00]⣿[/][#D7AF5F]⡿[/][#5F5F00]⠁[/][#FFAF5F]⢿[/][#000000]⠀⠀⠀⠀⠀⠀[/]
  [#000000]⠀⠀⠀⠀⠀⠀⠀[/][#875F00]⠉[/][#D7AF5F]⠛[/][#FFAF5F]⠉[/][#5F5F00]⠉[/][#FFAF5F]⠻[/][#AFAF5F]⣿[/][#D75F00]⣿[/][#AF5F00]⣿⣿⣿⣿⣿⣿⣿⣿⣿⣿⣿⣿⣿⣿⣿[/][#AF5F5F]⣿[/][#FFD75F]⠟[/][#5F0000]⠀[/][#000000]⠀⠈[/][#5F5F00]⡆[/][#000000]⠀⠀⠀⠀⠀[/]
  [#000000]⠀⠀⠀⠀⠀⠀⠀⠀⠀⠀⠀⠀⠀[/][#D7AF5F]⠙[/][#FFD75F]⠻[/][#AF875F]⢿[/][#AF5F5F]⣿[/][#D75F00]⣿⣿[/][#AF5F00]⣿⣿⣿⣿[/][#D75F00]⣿⣿[/][#AF5F00]⣿[/][#AF5F5F]⠿[/][#D7AF5F]⠟[/][#FFAF5F]⠋[/][#5F0000]⠀[/][#000000]⠀⠀⠀⠀⠀⠀⠀⠀⠀⠀[/]
  [#000000]⠀⠀⠀⠀⠀⠀⠀⠀⠀⠀⠀⠀⠀⠀⠀⠀⣀[/][#5F0000]⣨[/][#875F00]⣭[/][#AF8700]⣭[/][#D7AF5F]⣿⠯[/][#AF875F]⠭[/][#878700]⢭[/][#5F5F00]⣄[/][#000000]⣀⡀⠀⠀⠀⠀⠀⠀⠀⠀⠀⠀⠀⠀⠀[/]
  [#000000]⠀⠀⠀⠀⠀⠀⠀⠀⠀⠀⠀⠀⣠⣴[/][#005F87]⡤[/][#5F5F87]⢥[/][#5F5F5F]⡑[/][#870000]⠈[/][#AF5F00]⠙[/][#AF5F5F]⠉[/][#AF5F00]⢭[/][#D75F00]⣝[/][#AF5F00]⣛[/][#5F5F5F]⡓[/][#005FAF]⠶[/][#005F87]⣯[/][#5F875F]⣝[/][#005F87]⡳⢦[/][#000000]⣀⠀⠀⠀⠀⠀⠀⠀⠀⠀⠀[/]
  [#000000]⠀⠀⠀⠀⠀⠀⠀⠀⠀⠀⠀⠘[/][#D7D7D7]⢿[/][#875F00]⣿[/][#00005F]⣤⡼[/][#AF875F]⣃[/][#00005F]⣤⣤⡀[/][#5F0000]⠀[/][#005FAF]⣶[/][#005F87]⢯[/][#5F875F]⣝[/][#00875F]⣛[/][#005FAF]⠶[/][#5F5F87]⣬[/][#D75F00]⡛[/][#005FAF]⢶[/][#00875F]⣝[/][#005F87]⢷[/][#00005F]⣄[/][#000000]⠀⠀⠀⠀⠀⠀⠀⠀[/]
  [#000000]⠀⠀⠀⠀⠀⠀⠀⠀⠀⠀[/][#005F87]⠙[/][#005FAF]⢻[/][#5F87AF]⣿[/][#005FAF]⣿[/][#00005F]⠀⣸[/][#FFFFFF]⣿⣿⣿⡿[/][#00005F]⢰[/][#FFFFFF]⣿[/][#005F87]⡳[/][#005FAF]⢮[/][#AF5F5F]⣝⡳[/][#005FAF]⣮[/][#5F875F]⡙[/][#005FAF]⢶[/][#875F5F]⣝[/][#5F5F5F]⢷[/][#005F87]⡙⢷[/][#000000]⡀⠀⠀⠀⠀⠀⠀[/]
  [#000000]⠀⠀⠀⠀⠀⠀⠀⠀⠀⠀⠀⠀[/][#FFFFFF]⢿⣿[/][#5F8787]⡇[/][#5F5F87]⣿[/][#FFFFFF]⣿⣿⣫[/][#5F5F5F]⣵[/][#D7D7D7]⡿[/][#AFD7D7]⣧[/][#AF5F00]⣝[/][#875F5F]⠳[/][#005FAF]⣮[/][#5F875F]⡻[/][#005FAF]⣦[/][#AF5F00]⡙[/][#005F87]⢦[/][#00875F]⡙[/][#005FAF]⣦[/][#AF5F00]⡹[/][#005FAF]⣎[/][#5F875F]⢻[/][#005FAF]⣄[/][#000000]⠀⠀⠀⠀⠀[/]
  [#000000]⠀⠀⠀⠀⠀⠀⠀⠀⠀⠀⠀⠀⠈[/][#FFFFFF]⢿⣿⣿[/][#D7D7D7]⣿[/][#FFFFFF]⣟[/][#D7D7D7]⡻[/][#5F5FAF]⣯[/][#D75F00]⣝[/][#5F5F87]⠷[/][#005F87]⣍[/][#5F875F]⡻[/][#005FAF]⣮[/][#D75F00]⡻[/][#005FAF]⣮[/][#5F875F]⡻[/][#005FAF]⣦[/][#D75F00]⡻[/][#005FAF]⣎[/][#5F875F]⢻[/][#005FAF]⡜[/][#5F5F5F]⣧[/][#5F875F]⢻[/][#005FAF]⡄[/][#000000]⠀⠀⠀⠀[/]
  [#000000]⠀⠀⠀⠀⠀⠀⠀⠀⠀⠀⠀⢀[/][#005FAF]⣼[/][#00875F]⠟[/][#FFFFFF]⡿⣿⣿[/][#005FAF]⣧[/][#AF5F00]⡝[/][#005F87]⢶⡝[/][#00875F]⣿[/][#005FAF]⣎[/][#D75F00]⣿[/][#005FAF]⢬[/][#5F875F]⣿[/][#005FAF]⣮[/][#D75F00]⣻[/][#005FAF]⡌[/][#5F875F]⢷[/][#005FAF]⡜[/][#5F5F5F]⣧[/][#5F875F]⢻[/][#005FAF]⡜[/][#005F87]⡎[/][#5F875F]⣿[/][#00005F]⠀[/][#000000]⠀⠀⠀[/]
  [#000000]⠀⠀⠀⠀⢀⣤⣴⣶[/][#5F0000]⣾[/][#D78700]⣿[/][#AFAF5F]⡇[/][#005FAF]⣼[/][#5F875F]⡏[/][#005FAF]⣼[/][#D75F00]⡇[/][#875F5F]⢽[/][#AF5F00]⣿⣿[/][#00875F]⣷[/][#005FAF]⢸[/][#875F5F]⡇[/][#005F87]⢿[/][#005F5F]⣿[/][#5FAF5F]⢟[/][#005FAF]⣾[/][#AF5F5F]⢧[/][#8787AF]⣿[/][#D78700]⣿[/][#AF875F]⣿[/][#AF5F00]⣿[/][#875F00]⣷[/][#005FAF]⣾[/][#5F5F87]⣇[/][#5F875F]⣿[/][#875F5F]⣹[/][#005FAF]⣸[/][#005F87]⡇[/][#000000]⠀⠀⠀[/]
  [#000000]⠀⠀⢀⣴[/][#AF5F00]⣿⣿⣿⣿⣿[/][#D78700]⣿[/][#875F5F]⡇[/][#005F87]⣿⠇[/][#875F5F]⣿[/][#005F87]⢘[/][#5F8787]⣳[/][#005FAF]⠶[/][#005FD7]⠷[/][#00875F]⣿[/][#005FAF]⢸[/][#D75F00]⣧[/][#005FAF]⢸[/][#5F875F]⣷[/][#005FAF]⠿[/][#AF8787]⣣[/][#005FAF]⣿[/][#D78700]⣿[/][#FF875F]⣿[/][#875F00]⣿[/][#AF5F00]⣿⣿⣿⣿⣿[/][#005F87]⣮[/][#875F5F]⡇[/][#5F875F]⣿[/][#00005F]⠀[/][#000000]⠀⠀[/]
  [#000000]⠀⠀[/][#5F0000]⣸[/][#AF5F00]⣿⣿⣿⣿⣿⣿⣿[/][#5F5F5F]⠁[/][#00875F]⣿[/][#005FAF]⠀[/][#D75F00]⣿[/][#005FAF]⢨[/][#D75F5F]⣟[/][#AF5F5F]⣛[/][#875F5F]⣛[/][#5F875F]⣿[/][#005FAF]⠀[/][#D75F00]⣿[/][#005FAF]⢸[/][#5F875F]⣷[/][#5F5FAF]⣿[/][#FFAF00]⣿[/][#D78700]⣿[/][#D7875F]⣿[/][#AF5F00]⣿⣿⣿⣿⣿⣿⣿⣿⣧[/][#005F87]⢹⡆[/][#000000]⠀⠀[/]
  [#000000]⠀⠀[/][#875F00]⢿[/][#AF5F00]⣿⣿⣿⣿⣿⣿⣿[/][#5F5F5F]⠀[/][#00875F]⣿[/][#005FAF]⠀[/][#D75F00]⣿[/][#005FAF]⠸[/][#FF8700]⣿⣿[/][#FFAF00]⣿[/][#5F875F]⣿[/][#005FAF]⠀[/][#D75F00]⣿[/][#005FAF]⢸[/][#00875F]⣿[/][#FFAF5F]⣿[/][#AF5F5F]⣿[/][#AF5F00]⣿⣿⣿⣿⣿⣿⣿⣿⣿⣿⣿[/][#005F87]⢸⡇[/][#000000]⠀⠀[/]
  [#000000]⠀⠀[/][#5F0000]⣼[/][#AF5F00]⣿⣿⣿⣿⣿⢿⣿[/][#5F5F5F]⣶[/][#005F5F]⣿[/][#005FAF]⣶[/][#D75F00]⣿[/][#005F87]⣾[/][#AF5F00]⣿⣿⣿[/][#5F5F5F]⣿[/][#005F87]⣶[/][#AF5F00]⣿[/][#005FAF]⣾[/][#00875F]⣿[/][#AF5F00]⣿⣿⣿⣿⣿⣿⣿⠟⣿⣿⣿⣿⣿[/][#005F5F]⣾[/][#005F87]⣧[/][#000000]⠀⠀[/]
  [#000000]⠀⠀[/][#005FAF]⣒⡒⠶⠶⠶⠦[/][#000000]⠸[/][#AF5F00]⣿⣿[/][#D78700]⣿⣿⣿⣿[/][#AF5F00]⣿⣿⣿⣿[/][#D78700]⣿⣿⣿[/][#D7AF00]⣿[/][#AF5F00]⣿⣿⣿⣿⣿⣿⠏[/][#000000]⠀[/][#005FAF]⠶⠶⠶⠶⠶[/][#5F5F5F]⠉[/][#D78700]⠁[/][#000000]⠀⠀[/]
  [#000000]⠀⢸[/][#AF5F00]⣿[/][#AF8700]⣿⣿[/][#AF875F]⣿⣿[/][#87875F]⡇[/][#000000]⠀[/][#AF5F00]⢿⣿⣿⣿⣿⣿⣿⣿⣿⣿⣿⣿⣿⣿⣿⣿⣿⣿⣿⠏[/][#000000]⠀⠀[/][#AF8700]⣿[/][#AF875F]⣿⣿⣿[/][#AF8700]⣿[/][#5F5F00]⠁[/][#000000]⠀⠀⠀[/]
  [#000000]⠀[/][#5F0000]⣸[/][#AF5F00]⣿⣿⣿⣿⣿[/][#870000]⠀[/][#000000]⠀[/][#5F0000]⠘[/][#AF5F00]⣿⣿⣿⣿⣿⣿⣿⣿⣿⣿⣿⣿⣿⣿⣿⣿⣿⠏[/][#000000]⠀⠀⠀[/][#875F00]⣿[/][#AF5F00]⣿⣿⣿⣿[/][#870000]⡄[/][#000000]⠀⠀⠀[/]